
Microsoft Visual Studio Solution File, Format Version 12.00
# Visual Studio 15
VisualStudioVersion = 15.0.27428.2002
MinimumVisualStudioVersion = 10.0.40219.1
Project("{FAE04EC0-301F-11D3-BF4B-00C04F79EFBC}") = "ImageAnalysis", "ImageAnalysis\ImageAnalysis.csproj", "{5F26D2CE-4FA7-4038-9065-93E9C8527E0B}"
EndProject
Global
	GlobalSection(SolutionConfigurationPlatforms) = preSolution
		Debug|Any CPU = Debug|Any CPU
		Release|Any CPU = Release|Any CPU
	EndGlobalSection
	GlobalSection(ProjectConfigurationPlatforms) = postSolution
		{5F26D2CE-4FA7-4038-9065-93E9C8527E0B}.Debug|Any CPU.ActiveCfg = Debug|Any CPU
		{5F26D2CE-4FA7-4038-9065-93E9C8527E0B}.Debug|Any CPU.Build.0 = Debug|Any CPU
		{5F26D2CE-4FA7-4038-9065-93E9C8527E0B}.Release|Any CPU.ActiveCfg = Release|Any CPU
		{5F26D2CE-4FA7-4038-9065-93E9C8527E0B}.Release|Any CPU.Build.0 = Release|Any CPU
	EndGlobalSection
	GlobalSection(SolutionProperties) = preSolution
		HideSolutionNode = FALSE
	EndGlobalSection
	GlobalSection(ExtensibilityGlobals) = postSolution
		SolutionGuid = {49DB0C08-97B8-402C-8FAB-16271999617F}
	EndGlobalSection
EndGlobal
